PODS:
  - audioplayers_darwin (0.0.1):
    - Flutter
  - Flutter (1.0.0)
  - path_provider_ios (0.0.1):
    - Flutter

DEPENDENCIES:
  - audioplayers_darwin (from `.symlinks/plugins/audioplayers_darwin/ios`)
  - Flutter (from `Flutter`)
  - path_provider_ios (from `.symlinks/plugins/path_provider_ios/ios`)

EXTERNAL SOURCES:
  audioplayers_darwin:
    :path: ".symlinks/plugins/audioplayers_darwin/ios"
  Flutter:
    :path: Flutter
  path_provider_ios:
    :path: ".symlinks/plugins/path_provider_ios/ios"

SPEC CHECKSUMS:
  audioplayers_darwin: 387322cb364026a1782298c982693b1b6aa9fa1b
  Flutter: 50d75fe2f02b26cc09d224853bb45737f8b3214a
  path_provider_ios: 7d7ce634493af4477d156294792024ec3485acd5

PODFILE CHECKSUM: 4ea0b88a7e2511a26c6d4d5589996dab2cb094e9

COCOAPODS: 1.11.3
